{
  "format_version": "0.1",
  "provider_schemas": {
    "aws": {
      "provider": {
        "version": 0
      },
      "resource_schemas": {
        "aws_acm_certificate": {
          "version": 0,
          "block": {
            "attributes": {
              "arn": {
                "type": "string",
                "computed": true
              },
              "certificate_authority_arn": {
                "type": "string",
                "optional": true
              },
              "certificate_body": {
                "type": "string",
                "optional": true
              },
              "certificate_chain": {
                "type": "string",
                "optional": true
              },
              "domain_name": {
                "type": "string",
                "optional": true,
                "computed": true
              },
              "domain_validation_options": {
                "type": [
                  "list",
                  [
                    "object",
                    {
                      "domain_name": "string",
                      "resource_record_name": "string",
                      "resource_record_type": "string",
                      "resource_record_value": "string"
                    }
                  ]
                ],
                "computed": true
              },
              "id": {
                "type": "string",
                "optional": true,
                "computed": true
              },
              "private_key": {
                "type": "string",
                "optional": true,
                "sensitive": true
              },
              "subject_alternative_names": {
                "type": [
                  "list",
                  "string"
                ],
                "optional": true,
                "computed": true
              },
              "tags": {
                "type": [
                  "map",
                  "string"
                ],
                "optional": true
              },
              "validation_emails": {
                "type": [
                  "list",
                  "string"
                ],
                "computed": true
              },
              "validation_method": {
                "type": "string",
                "optional": true,
                "computed": true
              }
            },
            "block_types": {
              "options": {
                "nesting_mode": "list",
                "block": {
                  "attributes": {
                    "certificate_transparency_logging_preference": {
                      "type": "string",
                      "optional": true
                    }
                  }
                },
                "max_items": 1
              }
            }
          }
        },
        "aws_acm_certificate_validation": {
          "version": 0,
          "block": {
            "attributes": {
              "certificate_arn": {
                "type": "string",
                "required": true
              },
              "id": {
                "type": "string",
                "optional": true,
                "computed": true
              },
              "validation_record_fqdns": {
                "type": [
                  "set",
                  "string"
                ],
                "optional": true
              }
            },
            "block_types": {
              "timeouts": {
                "nesting_mode": "single",
                "block": {
                  "attributes": {
                    "create": {
                      "type": "string",
                      "optional": true
                    }
                  }
                }
              }
            }
          }
        },
        "aws_acmpca_certificate_authority": {
          "version": 1,
          "block": {
            "attributes": {
              "arn": {
                "type": "string",
                "computed": true
              },
              "certificate": {
                "type": "string",
                "computed": true
              },
              "certificate_chain": {
                "type": "string",
                "computed": true
              },
              "certificate_signing_request": {
                "type": "string",
                "computed": true
              },
              "enabled": {
                "type": "bool",
                "optional": true
              },
              "id": {
                "type": "string",
                "optional": true,
                "computed": true
              },
              "not_after": {
                "type": "string",
                "computed": true
              },
              "not_before": {
                "type": "string",
                "computed": true
              },
              "permanent_deletion_time_in_days": {
                "type": "number",
                "optional": true
              },
              "serial": {
                "type": "string",
                "computed": true
              },
              "status": {
                "type": "string",
                "computed": true
              },
              "tags": {
                "type": [
                  "map",
                  "string"
                ],
                "optional": true
              },
              "type": {
                "type": "string",
                "optional": true
              }
            },
            "block_types": {
              "certificate_authority_configuration": {
                "nesting_mode": "list",
                "block": {
                  "attributes": {
                    "key_algorithm": {
                      "type": "string",
                      "required": true
                    },
                    "signing_algorithm": {
                      "type": "string",
                      "required": true
                    }
                  },
                  "block_types": {
                    "subject": {
                      "nesting_mode": "list",
                      "block": {
                        "attributes": {
                          "common_name": {
                            "type": "string",
                            "optional": true
                          },
                          "country": {
                            "type": "string",
                            "optional": true
                          },
                          "distinguished_name_qualifier": {
                            "type": "string",
                            "optional": true
                          },
                          "generation_qualifier": {
                            "type": "string",
                            "optional": true
                          },
                          "given_name": {
                            "type": "string",
                            "optional": true
                          },
                          "initials": {
                            "type": "string",
                            "optional": true
                          },
                          "locality": {
                            "type": "string",
                            "optional": true
                          },
                          "organization": {
                            "type": "string",
                            "optional": true
                          },
                          "organizational_unit": {
                            "type": "string",
                            "optional": true
                          },
                          "pseudonym": {
                            "type": "string",
                            "optional": true
                          },
                          "state": {
                            "type": "string",
                            "optional": true
                          },
                          "surname": {
                            "type": "string",
                            "optional": true
                          },
                          "title": {
                            "type": "string",
                            "optional": true
                          }
                        }
                      },
                      "min_items": 1,
                      "max_items": 1
                    }
                  }
                },
                "min_items": 1,
                "max_items": 1
              },
              "revocation_configuration": {
                "nesting_mode": "list",
                "block": {
                  "block_types": {
                    "crl_configuration": {
                      "nesting_mode": "list",
                      "block": {
                        "attributes": {
                          "custom_cname": {
                            "type": "string",
                            "optional": true
                          },
                          "enabled": {
                            "type": "bool",
                            "optional": true
                          },
                          "expiration_in_days": {
                            "type": "number",
                            "required": true
                          },
                          "s3_bucket_name": {
                            "type": "string",
                            "optional": true
                          }
                        }
                      },
                      "max_items": 1
                    }
                  }
                },
                "max_items": 1
              },
              "timeouts": {
                "nesting_mode": "single",
                "block": {
                  "attributes": {
                    "create": {
                      "type": "string",
                      "optional": true
                    }
                  }
                }
              }
            }
          }
        },
        "aws_alb": {
          "version": 0,
          "block": {
            "attributes": {
              "arn": {
                "type": "string",
                "computed": true
              },
              "arn_suffix": {
                "type": "string",
                "computed": true
              },
              "dns_name": {
                "type": "string",
                "computed": true
              },
              "enable_cross_zone_load_balancing": {
                "type": "bool",
                "optional": true
              },
              "enable_deletion_protection": {
                "type": "bool",
                "optional": true
              },
              "enable_http2": {
                "type": "bool",
                "optional": true
              },
              "id": {
                "type": "string",
                "optional": true,
                "computed": true
              },
              "idle_timeout": {
                "type": "number",
                "optional": true
              },
              "internal": {
                "type": "bool",
                "optional": true,
                "computed": true
              },
              "ip_address_type": {
                "type": "string",
                "optional": true,
                "computed": true
              },
              "load_balancer_type": {
                "type": "string",
                "optional": true
              },
              "name": {
                "type": "string",
                "optional": true,
                "computed": true
              },
              "name_prefix": {
                "type": "string",
                "optional": true
              },
              "security_groups": {
                "type": [
                  "set",
                  "string"
                ],
                "optional": true,
                "computed": true
              },
              "subnets": {
                "type": [
                  "set",
                  "string"
                ],
                "optional": true,
                "computed": true
              },
              "tags": {
                "type": [
                  "map",
                  "string"
                ],
                "optional": true
              },
              "vpc_id": {
                "type": "string",
                "computed": true
              },
              "zone_id": {
                "type": "string",
                "computed": true
              }
            },
            "block_types": {
              "access_logs": {
                "nesting_mode": "list",
                "block": {
                  "attributes": {
                    "bucket": {
                      "type": "string",
                      "required": true
                    },
                    "enabled": {
                      "type": "bool",
                      "optional": true
                    },
                    "prefix": {
                      "type": "string",
                      "optional": true
                    }
                  }
                },
                "max_items": 1
              },
              "subnet_mapping": {
                "nesting_mode": "set",
                "block": {
                  "attributes": {
                    "allocation_id": {
                      "type": "string",
                      "optional": true
                    },
                    "subnet_id": {
                      "type": "string",
                      "required": true
                    }
                  }
                }
              },
              "timeouts": {
                "nesting_mode": "single",
                "block": {
                  "attributes": {
                    "create": {
                      "type": "string",
                      "optional": true
                    },
                    "delete": {
                      "type": "string",
                      "optional": true
                    },
                    "update": {
                      "type": "string",
                      "optional": true
                    }
                  }
                }
              }
            }
          }
        }
      }
    }
  }
}